
Microsoft Visual Studio Solution File, Format Version 12.00
# Visual Studio 15
VisualStudioVersion = 15.0.27703.2000
MinimumVisualStudioVersion = 10.0.40219.1
Project("{9A19103F-16F7-4668-BE54-9A1E7A4F7556}") = "pwdExposed", "pwdExposed.csproj", "{CF18E11C-81D9-466D-A7F1-B0B349E619C7}"
EndProject
Global
	GlobalSection(SolutionConfigurationPlatforms) = preSolution
		Debug|Any CPU = Debug|Any CPU
		Release|Any CPU = Release|Any CPU
	EndGlobalSection
	GlobalSection(ProjectConfigurationPlatforms) = postSolution
		{CF18E11C-81D9-466D-A7F1-B0B349E619C7}.Debug|Any CPU.ActiveCfg = Debug|Any CPU
		{CF18E11C-81D9-466D-A7F1-B0B349E619C7}.Debug|Any CPU.Build.0 = Debug|Any CPU
		{CF18E11C-81D9-466D-A7F1-B0B349E619C7}.Release|Any CPU.ActiveCfg = Release|Any CPU
		{CF18E11C-81D9-466D-A7F1-B0B349E619C7}.Release|Any CPU.Build.0 = Release|Any CPU
	EndGlobalSection
	GlobalSection(SolutionProperties) = preSolution
		HideSolutionNode = FALSE
	EndGlobalSection
	GlobalSection(ExtensibilityGlobals) = postSolution
		SolutionGuid = {F12F0533-7799-4DEF-8CF0-C8E6D70DC7B3}
	EndGlobalSection
EndGlobal
